{
  "lockfile_version": "1",
  "packages": {
    "awscli2@latest": {
      "last_modified": "2026-02-23T15:40:43Z",
      "resolved": "github:NixOS/nixpkgs/80d901ec0377e19ac3f7bb8c035201e2e098cc97#awscli2",
      "source": "devbox-search",
      "version": "2.33.2",
      "systems": {
        "aarch64-darwin": {
          "outputs": [
            {
              "name": "out",
              "path": "/nix/store/7fs6pvb0zdzr5pwvjd56lcg4v50zm300-awscli2-2.33.2",
              "default": true
            },
            {
              "name": "dist",
              "path": "/nix/store/mcjyd58vanwzgsdi6r47gp706g7is1kw-awscli2-2.33.2-dist"
            }
          ],
          "store_path": "/nix/store/7fs6pvb0zdzr5pwvjd56lcg4v50zm300-awscli2-2.33.2"
        },
        "aarch64-linux": {
          "outputs": [
            {
              "name": "out",
              "path": "/nix/store/laxzjbgfpaprmrafrgr3sm2a741bjj6m-awscli2-2.33.2",
              "default": true
            },
            {
              "name": "dist",
              "path": "/nix/store/22jvkfalayg0s810xy8al26bxg8y9536-awscli2-2.33.2-dist"
            }
          ],
          "store_path": "/nix/store/laxzjbgfpaprmrafrgr3sm2a741bjj6m-awscli2-2.33.2"
        },
        "x86_64-darwin": {
          "outputs": [
            {
              "name": "out",
              "path": "/nix/store/5xcwq8mbylr3dwxkdjbxf3f0gr8gzb8p-awscli2-2.33.2",
              "default": true
            },
            {
              "name": "dist",
              "path": "/nix/store/4xmpgna7g51r7gyhladf5cfdzgiji1dv-awscli2-2.33.2-dist"
            }
          ],
          "store_path": "/nix/store/5xcwq8mbylr3dwxkdjbxf3f0gr8gzb8p-awscli2-2.33.2"
        },
        "x86_64-linux": {
          "outputs": [
            {
              "name": "out",
              "path": "/nix/store/03f0vsahckikf0xcnqig8mls25c01ga5-awscli2-2.33.2",
              "default": true
            },
            {
              "name": "dist",
              "path": "/nix/store/z908n1mkn8a30dyfmcyf23dqjr2gnh6p-awscli2-2.33.2-dist"
            }
          ],
          "store_path": "/nix/store/03f0vsahckikf0xcnqig8mls25c01ga5-awscli2-2.33.2"
        }
      }
    },
    "github:NixOS/nixpkgs/nixpkgs-unstable": {
      "last_modified": "2026-03-05T18:52:33Z",
      "resolved": "github:NixOS/nixpkgs/917fec990948658ef1ccd07cef2a1ef060786846?lastModified=1772736753"
    },
    "kind@latest": {
      "last_modified": "2026-03-21T07:29:51Z",
      "resolved": "github:NixOS/nixpkgs/09061f748ee21f68a089cd5d91ec1859cd93d0be#kind",
      "source": "devbox-search",
      "version": "0.31.0",
      "systems": {
        "aarch64-darwin": {
          "outputs": [
            {
              "name": "out",
              "path": "/nix/store/1fxyx6b22i65xkm9h3rax0vml92i7zpa-kind-0.31.0",
              "default": true
            }
          ],
          "store_path": "/nix/store/1fxyx6b22i65xkm9h3rax0vml92i7zpa-kind-0.31.0"
        },
        "aarch64-linux": {
          "outputs": [
            {
              "name": "out",
              "path": "/nix/store/v4kryl8b2cki3988fcjgcwznlsvc0w8f-kind-0.31.0",
              "default": true
            }
          ],
          "store_path": "/nix/store/v4kryl8b2cki3988fcjgcwznlsvc0w8f-kind-0.31.0"
        },
        "x86_64-darwin": {
          "outputs": [
            {
              "name": "out",
              "path": "/nix/store/pci5an4nbflii6n602bplif5vhgnfkb9-kind-0.31.0",
              "default": true
            }
          ],
          "store_path": "/nix/store/pci5an4nbflii6n602bplif5vhgnfkb9-kind-0.31.0"
        },
        "x86_64-linux": {
          "outputs": [
            {
              "name": "out",
              "path": "/nix/store/f1921mvsxjfwc7g3cmpc8igg0ach42i6-kind-0.31.0",
              "default": true
            }
          ],
          "store_path": "/nix/store/f1921mvsxjfwc7g3cmpc8igg0ach42i6-kind-0.31.0"
        }
      }
    },
    "kluctl@latest": {
      "last_modified": "2026-02-23T15:40:43Z",
      "resolved": "github:NixOS/nixpkgs/80d901ec0377e19ac3f7bb8c035201e2e098cc97#kluctl",
      "source": "devbox-search",
      "version": "2.27.0",
      "systems": {
        "aarch64-darwin": {
          "outputs": [
            {
              "name": "out",
              "path": "/nix/store/iz8wwv37imi6j1qb2z8ylq19rdsz2k7m-kluctl-2.27.0",
              "default": true
            }
          ],
          "store_path": "/nix/store/iz8wwv37imi6j1qb2z8ylq19rdsz2k7m-kluctl-2.27.0"
        },
        "aarch64-linux": {
          "outputs": [
            {
              "name": "out",
              "path": "/nix/store/mb5qs9750q8pckncn01sfvg39c278l38-kluctl-2.27.0",
              "default": true
            }
          ],
          "store_path": "/nix/store/mb5qs9750q8pckncn01sfvg39c278l38-kluctl-2.27.0"
        },
        "x86_64-darwin": {
          "outputs": [
            {
              "name": "out",
              "path": "/nix/store/nikfz0h14ndph2a5z68aj8g5ffx40mrs-kluctl-2.27.0",
              "default": true
            }
          ],
          "store_path": "/nix/store/nikfz0h14ndph2a5z68aj8g5ffx40mrs-kluctl-2.27.0"
        },
        "x86_64-linux": {
          "outputs": [
            {
              "name": "out",
              "path": "/nix/store/l52a4z841qps5ibzfz48vdd5ngf9c77n-kluctl-2.27.0",
              "default": true
            }
          ],
          "store_path": "/nix/store/l52a4z841qps5ibzfz48vdd5ngf9c77n-kluctl-2.27.0"
        }
      }
    },
    "kubectl@latest": {
      "last_modified": "2026-02-23T15:40:43Z",
      "resolved": "github:NixOS/nixpkgs/80d901ec0377e19ac3f7bb8c035201e2e098cc97#kubectl",
      "source": "devbox-search",
      "version": "1.35.0",
      "systems": {
        "aarch64-darwin": {
          "outputs": [
            {
              "name": "out",
              "path": "/nix/store/vc9x3pbgiayy7404pizw2597ckxbx5iv-kubectl-1.35.0",
              "default": true
            },
            {
              "name": "man",
              "path": "/nix/store/kkw3fydnm0j5623by42z87z88x65j3da-kubectl-1.35.0-man",
              "default": true
            },
            {
              "name": "convert",
              "path": "/nix/store/z7sjfxgi8hfxp2lhnmsc8cxrivq47388-kubectl-1.35.0-convert"
            }
          ],
          "store_path": "/nix/store/vc9x3pbgiayy7404pizw2597ckxbx5iv-kubectl-1.35.0"
        },
        "aarch64-linux": {
          "outputs": [
            {
              "name": "out",
              "path": "/nix/store/dwv1pr9ammi7nvg2wrh8i1b1pc4s1kdc-kubectl-1.35.0",
              "default": true
            },
            {
              "name": "man",
              "path": "/nix/store/5xpp0xycjgp6a4j4m0p3imfx60nm8qk1-kubectl-1.35.0-man",
              "default": true
            },
            {
              "name": "convert",
              "path": "/nix/store/z9sdg7h4g18pjxsammdn8v99mxfiwanq-kubectl-1.35.0-convert"
            }
          ],
          "store_path": "/nix/store/dwv1pr9ammi7nvg2wrh8i1b1pc4s1kdc-kubectl-1.35.0"
        },
        "x86_64-darwin": {
          "outputs": [
            {
              "name": "out",
              "path": "/nix/store/aspny4z58b3ggw0v4dayngrxjgqhfkwh-kubectl-1.35.0",
              "default": true
            },
            {
              "name": "man",
              "path": "/nix/store/39lj9l9nr6q1il6x3gwvrxbncawkjicf-kubectl-1.35.0-man",
              "default": true
            },
            {
              "name": "convert",
              "path": "/nix/store/8nfmr74j1ls3parfa3l6zglfgmzm7a99-kubectl-1.35.0-convert"
            }
          ],
          "store_path": "/nix/store/aspny4z58b3ggw0v4dayngrxjgqhfkwh-kubectl-1.35.0"
        },
        "x86_64-linux": {
          "outputs": [
            {
              "name": "out",
              "path": "/nix/store/36ji0srf1rf0fhk27410g3i0njwqrfb3-kubectl-1.35.0",
              "default": true
            },
            {
              "name": "man",
              "path": "/nix/store/11329ky5q3yd8h6b2f6dilhxd93lp6a9-kubectl-1.35.0-man",
              "default": true
            },
            {
              "name": "convert",
              "path": "/nix/store/lzbrmcxx8zwjyi3k18f5jdv8axrgcyz8-kubectl-1.35.0-convert"
            }
          ],
          "store_path": "/nix/store/36ji0srf1rf0fhk27410g3i0njwqrfb3-kubectl-1.35.0"
        }
      }
    },
    "kubernetes-helm@latest": {
      "last_modified": "2026-02-23T15:40:43Z",
      "resolved": "github:NixOS/nixpkgs/80d901ec0377e19ac3f7bb8c035201e2e098cc97#kubernetes-helm",
      "source": "devbox-search",
      "version": "3.19.1",
      "systems": {
        "aarch64-darwin": {
          "outputs": [
            {
              "name": "out",
              "path": "/nix/store/qgnf88s44vlb5flhrdiica0x7iq48yf3-kubernetes-helm-3.19.1",
              "default": true
            }
          ],
          "store_path": "/nix/store/qgnf88s44vlb5flhrdiica0x7iq48yf3-kubernetes-helm-3.19.1"
        },
        "aarch64-linux": {
          "outputs": [
            {
              "name": "out",
              "path": "/nix/store/rmzqdyhxj0sa2fm5h2r2fsrxl19jlvis-kubernetes-helm-3.19.1",
              "default": true
            }
          ],
          "store_path": "/nix/store/rmzqdyhxj0sa2fm5h2r2fsrxl19jlvis-kubernetes-helm-3.19.1"
        },
        "x86_64-darwin": {
          "outputs": [
            {
              "name": "out",
              "path": "/nix/store/gwrsg2lq73bppnj7j9afzfz6biva1jfa-kubernetes-helm-3.19.1",
              "default": true
            }
          ],
          "store_path": "/nix/store/gwrsg2lq73bppnj7j9afzfz6biva1jfa-kubernetes-helm-3.19.1"
        },
        "x86_64-linux": {
          "outputs": [
            {
              "name": "out",
              "path": "/nix/store/3bjwp28yvv86pih7k9p7n7w5jhcn8qd9-kubernetes-helm-3.19.1",
              "default": true
            }
          ],
          "store_path": "/nix/store/3bjwp28yvv86pih7k9p7n7w5jhcn8qd9-kubernetes-helm-3.19.1"
        }
      }
    },
    "kustomize@latest": {
      "last_modified": "2026-02-23T15:40:43Z",
      "resolved": "github:NixOS/nixpkgs/80d901ec0377e19ac3f7bb8c035201e2e098cc97#kustomize",
      "source": "devbox-search",
      "version": "5.8.1",
      "systems": {
        "aarch64-darwin": {
          "outputs": [
            {
              "name": "out",
              "path": "/nix/store/2pmw8rfy7ghnppjf0cjgf3fkwpadpwqb-kustomize-5.8.1",
              "default": true
            }
          ],
          "store_path": "/nix/store/2pmw8rfy7ghnppjf0cjgf3fkwpadpwqb-kustomize-5.8.1"
        },
        "aarch64-linux": {
          "outputs": [
            {
              "name": "out",
              "path": "/nix/store/rd25hg38k24mwmqjmc3rwdv21w7sdm7d-kustomize-5.8.1",
              "default": true
            }
          ],
          "store_path": "/nix/store/rd25hg38k24mwmqjmc3rwdv21w7sdm7d-kustomize-5.8.1"
        },
        "x86_64-darwin": {
          "outputs": [
            {
              "name": "out",
              "path": "/nix/store/ribrf90mvlxwwcqblk20pwfr2ibczvpp-kustomize-5.8.1",
              "default": true
            }
          ],
          "store_path": "/nix/store/ribrf90mvlxwwcqblk20pwfr2ibczvpp-kustomize-5.8.1"
        },
        "x86_64-linux": {
          "outputs": [
            {
              "name": "out",
              "path": "/nix/store/abmras5k76igswjiz9p208rvjq7289v5-kustomize-5.8.1",
              "default": true
            }
          ],
          "store_path": "/nix/store/abmras5k76igswjiz9p208rvjq7289v5-kustomize-5.8.1"
        }
      }
    },
    "terraform@latest": {
      "last_modified": "2026-02-26T05:06:13Z",
      "resolved": "github:NixOS/nixpkgs/26eaeac4e409d7b5a6bf6f90a2a2dc223c78d915#terraform",
      "source": "devbox-search",
      "version": "1.14.6",
      "systems": {
        "aarch64-darwin": {
          "outputs": [
            {
              "name": "out",
              "path": "/nix/store/iymy7ngy389m4zyvbsyij1d4g3k482v5-terraform-1.14.6",
              "default": true
            }
          ],
          "store_path": "/nix/store/iymy7ngy389m4zyvbsyij1d4g3k482v5-terraform-1.14.6"
        },
        "aarch64-linux": {
          "outputs": [
            {
              "name": "out",
              "path": "/nix/store/hqkcfmdw0vwrnh7isr2czx98kqkl45w5-terraform-1.14.6",
              "default": true
            }
          ],
          "store_path": "/nix/store/hqkcfmdw0vwrnh7isr2czx98kqkl45w5-terraform-1.14.6"
        },
        "x86_64-darwin": {
          "outputs": [
            {
              "name": "out",
              "path": "/nix/store/xvihg1chb9qzxa7kzvgslapc2p5q6gd7-terraform-1.14.6",
              "default": true
            }
          ],
          "store_path": "/nix/store/xvihg1chb9qzxa7kzvgslapc2p5q6gd7-terraform-1.14.6"
        },
        "x86_64-linux": {
          "outputs": [
            {
              "name": "out",
              "path": "/nix/store/hdfbrhnggd1f7m68j7nh1bsici4irl9n-terraform-1.14.6",
              "default": true
            }
          ],
          "store_path": "/nix/store/hdfbrhnggd1f7m68j7nh1bsici4irl9n-terraform-1.14.6"
        }
      }
    }
  }
}
